
Microsoft Visual Studio Solution File, Format Version 12.00
# Visual Studio Version 16
VisualStudioVersion = 16.0.29613.14
MinimumVisualStudioVersion = 10.0.40219.1
Project("{FAE04EC0-301F-11D3-BF4B-00C04F79EFBC}") = "ngComputerVision", "ngComputerVision\ngComputerVision.csproj", "{D4818AA0-4FF8-4D75-ABFF-9932DCDA2CDD}"
EndProject
Global
	GlobalSection(SolutionConfigurationPlatforms) = preSolution
		Debug|Any CPU = Debug|Any CPU
		Release|Any CPU = Release|Any CPU
	EndGlobalSection
	GlobalSection(ProjectConfigurationPlatforms) = postSolution
		{D4818AA0-4FF8-4D75-ABFF-9932DCDA2CDD}.Debug|Any CPU.ActiveCfg = Debug|Any CPU
		{D4818AA0-4FF8-4D75-ABFF-9932DCDA2CDD}.Debug|Any CPU.Build.0 = Debug|Any CPU
		{D4818AA0-4FF8-4D75-ABFF-9932DCDA2CDD}.Release|Any CPU.ActiveCfg = Release|Any CPU
		{D4818AA0-4FF8-4D75-ABFF-9932DCDA2CDD}.Release|Any CPU.Build.0 = Release|Any CPU
	EndGlobalSection
	GlobalSection(SolutionProperties) = preSolution
		HideSolutionNode = FALSE
	EndGlobalSection
	GlobalSection(ExtensibilityGlobals) = postSolution
		SolutionGuid = {227611FD-F840-4E95-9994-EE0D26EC6ADF}
	EndGlobalSection
EndGlobal
